
Microsoft Visual Studio Solution File, Format Version 12.00
# Visual Studio Version 17
VisualStudioVersion = 17.5.33516.290
MinimumVisualStudioVersion = 10.0.40219.1
Project("{8BC9CEB8-8B4A-11D0-8D11-00A0C91BC942}") = "zadaca_2", "zadaca_2\zadaca_2.vcxproj", "{AB7BC98A-D992-4A43-95DB-17B15EBAB966}"
EndProject
Global
	GlobalSection(SolutionConfigurationPlatforms) = preSolution
		Debug|x64 = Debug|x64
		Debug|x86 = Debug|x86
		Release|x64 = Release|x64
		Release|x86 = Release|x86
	EndGlobalSection
	GlobalSection(ProjectConfigurationPlatforms) = postSolution
		{AB7BC98A-D992-4A43-95DB-17B15EBAB966}.Debug|x64.ActiveCfg = Debug|x64
		{AB7BC98A-D992-4A43-95DB-17B15EBAB966}.Debug|x64.Build.0 = Debug|x64
		{AB7BC98A-D992-4A43-95DB-17B15EBAB966}.Debug|x86.ActiveCfg = Debug|Win32
		{AB7BC98A-D992-4A43-95DB-17B15EBAB966}.Debug|x86.Build.0 = Debug|Win32
		{AB7BC98A-D992-4A43-95DB-17B15EBAB966}.Release|x64.ActiveCfg = Release|x64
		{AB7BC98A-D992-4A43-95DB-17B15EBAB966}.Release|x64.Build.0 = Release|x64
		{AB7BC98A-D992-4A43-95DB-17B15EBAB966}.Release|x86.ActiveCfg = Release|Win32
		{AB7BC98A-D992-4A43-95DB-17B15EBAB966}.Release|x86.Build.0 = Release|Win32
	EndGlobalSection
	GlobalSection(SolutionProperties) = preSolution
		HideSolutionNode = FALSE
	EndGlobalSection
	GlobalSection(ExtensibilityGlobals) = postSolution
		SolutionGuid = {A7A2D560-E3AD-45A4-B393-6E60504EAAF3}
	EndGlobalSection
EndGlobal
